
Microsoft Visual Studio Solution File, Format Version 12.00
# Visual Studio Version 16
VisualStudioVersion = 16.0.30011.22
MinimumVisualStudioVersion = 10.0.40219.1
Project("{FAE04EC0-301F-11D3-BF4B-00C04F79EFBC}") = "AddTax", "AddTax\AddTax.csproj", "{A237AF77-261A-47C0-A35A-D272CFC286A0}"
EndProject
Global
	GlobalSection(SolutionConfigurationPlatforms) = preSolution
		Debug|Any CPU = Debug|Any CPU
		Release|Any CPU = Release|Any CPU
	EndGlobalSection
	GlobalSection(ProjectConfigurationPlatforms) = postSolution
		{A237AF77-261A-47C0-A35A-D272CFC286A0}.Debug|Any CPU.ActiveCfg = Debug|Any CPU
		{A237AF77-261A-47C0-A35A-D272CFC286A0}.Debug|Any CPU.Build.0 = Debug|Any CPU
		{A237AF77-261A-47C0-A35A-D272CFC286A0}.Release|Any CPU.ActiveCfg = Release|Any CPU
		{A237AF77-261A-47C0-A35A-D272CFC286A0}.Release|Any CPU.Build.0 = Release|Any CPU
	EndGlobalSection
	GlobalSection(SolutionProperties) = preSolution
		HideSolutionNode = FALSE
	EndGlobalSection
	GlobalSection(ExtensibilityGlobals) = postSolution
		SolutionGuid = {A692FDCD-BDD5-44C1-B407-374AAC020350}
	EndGlobalSection
EndGlobal
